
Microsoft Visual Studio Solution File, Format Version 12.00
# Visual Studio Version 17
VisualStudioVersion = 17.6.33723.286
MinimumVisualStudioVersion = 10.0.40219.1
Project("{9A19103F-16F7-4668-BE54-9A1E7A4F7556}") = "Utils", "Utils\Utils.csproj", "{5884D33A-BE19-4AB8-B78D-9725C863E4AB}"
EndProject
Project("{9A19103F-16F7-4668-BE54-9A1E7A4F7556}") = "Day 1", "Day 1\Day 1.csproj", "{AA5D4E23-5199-4732-8ADD-88F8152276E8}"
EndProject
Project("{9A19103F-16F7-4668-BE54-9A1E7A4F7556}") = "Day 2", "Day 2\Day 2.csproj", "{3670B0F0-BD98-4DE2-8F8A-E03EB12E1819}"
EndProject
Project("{9A19103F-16F7-4668-BE54-9A1E7A4F7556}") = "Day 3", "Day 3\Day 3.csproj", "{0BDEE679-053B-4054-A817-12E4EDB428BF}"
EndProject
Project("{9A19103F-16F7-4668-BE54-9A1E7A4F7556}") = "Day 4", "Day 4\Day 4.csproj", "{55FD80BD-9D0F-4033-B953-A739A9DAC701}"
EndProject
Project("{9A19103F-16F7-4668-BE54-9A1E7A4F7556}") = "Day 5", "Day 5\Day 5.csproj", "{0A497AED-FCD8-48C1-9F37-6C2BAC4117E0}"
EndProject
Project("{9A19103F-16F7-4668-BE54-9A1E7A4F7556}") = "Day 6", "Day 6\Day 6.csproj", "{DD061785-4D5A-433C-970A-C502AD351DAE}"
EndProject
Project("{9A19103F-16F7-4668-BE54-9A1E7A4F7556}") = "Day 7", "Day 7\Day 7.csproj", "{F645B92D-5A74-4E89-9A13-E8D7D3306F77}"
EndProject
Project("{FAE04EC0-301F-11D3-BF4B-00C04F79EFBC}") = "Day 8", "Day 8\Day 8.csproj", "{9C45C03B-594A-4085-BC2D-74060D9AC336}"
EndProject
Global
	GlobalSection(SolutionConfigurationPlatforms) = preSolution
		Debug|Any CPU = Debug|Any CPU
		Release|Any CPU = Release|Any CPU
	EndGlobalSection
	GlobalSection(ProjectConfigurationPlatforms) = postSolution
		{5884D33A-BE19-4AB8-B78D-9725C863E4AB}.Debug|Any CPU.ActiveCfg = Debug|Any CPU
		{5884D33A-BE19-4AB8-B78D-9725C863E4AB}.Debug|Any CPU.Build.0 = Debug|Any CPU
		{5884D33A-BE19-4AB8-B78D-9725C863E4AB}.Release|Any CPU.ActiveCfg = Release|Any CPU
		{5884D33A-BE19-4AB8-B78D-9725C863E4AB}.Release|Any CPU.Build.0 = Release|Any CPU
		{AA5D4E23-5199-4732-8ADD-88F8152276E8}.Debug|Any CPU.ActiveCfg = Debug|Any CPU
		{AA5D4E23-5199-4732-8ADD-88F8152276E8}.Debug|Any CPU.Build.0 = Debug|Any CPU
		{AA5D4E23-5199-4732-8ADD-88F8152276E8}.Release|Any CPU.ActiveCfg = Release|Any CPU
		{AA5D4E23-5199-4732-8ADD-88F8152276E8}.Release|Any CPU.Build.0 = Release|Any CPU
		{3670B0F0-BD98-4DE2-8F8A-E03EB12E1819}.Debug|Any CPU.ActiveCfg = Debug|Any CPU
		{3670B0F0-BD98-4DE2-8F8A-E03EB12E1819}.Debug|Any CPU.Build.0 = Debug|Any CPU
		{3670B0F0-BD98-4DE2-8F8A-E03EB12E1819}.Release|Any CPU.ActiveCfg = Release|Any CPU
		{3670B0F0-BD98-4DE2-8F8A-E03EB12E1819}.Release|Any CPU.Build.0 = Release|Any CPU
		{0BDEE679-053B-4054-A817-12E4EDB428BF}.Debug|Any CPU.ActiveCfg = Debug|Any CPU
		{0BDEE679-053B-4054-A817-12E4EDB428BF}.Debug|Any CPU.Build.0 = Debug|Any CPU
		{0BDEE679-053B-4054-A817-12E4EDB428BF}.Release|Any CPU.ActiveCfg = Release|Any CPU
		{0BDEE679-053B-4054-A817-12E4EDB428BF}.Release|Any CPU.Build.0 = Release|Any CPU
		{55FD80BD-9D0F-4033-B953-A739A9DAC701}.Debug|Any CPU.ActiveCfg = Debug|Any CPU
		{55FD80BD-9D0F-4033-B953-A739A9DAC701}.Debug|Any CPU.Build.0 = Debug|Any CPU
		{55FD80BD-9D0F-4033-B953-A739A9DAC701}.Release|Any CPU.ActiveCfg = Release|Any CPU
		{55FD80BD-9D0F-4033-B953-A739A9DAC701}.Release|Any CPU.Build.0 = Release|Any CPU
		{0A497AED-FCD8-48C1-9F37-6C2BAC4117E0}.Debug|Any CPU.ActiveCfg = Debug|Any CPU
		{0A497AED-FCD8-48C1-9F37-6C2BAC4117E0}.Debug|Any CPU.Build.0 = Debug|Any CPU
		{0A497AED-FCD8-48C1-9F37-6C2BAC4117E0}.Release|Any CPU.ActiveCfg = Release|Any CPU
		{0A497AED-FCD8-48C1-9F37-6C2BAC4117E0}.Release|Any CPU.Build.0 = Release|Any CPU
		{DD061785-4D5A-433C-970A-C502AD351DAE}.Debug|Any CPU.ActiveCfg = Debug|Any CPU
		{DD061785-4D5A-433C-970A-C502AD351DAE}.Debug|Any CPU.Build.0 = Debug|Any CPU
		{DD061785-4D5A-433C-970A-C502AD351DAE}.Release|Any CPU.ActiveCfg = Release|Any CPU
		{DD061785-4D5A-433C-970A-C502AD351DAE}.Release|Any CPU.Build.0 = Release|Any CPU
		{F645B92D-5A74-4E89-9A13-E8D7D3306F77}.Debug|Any CPU.ActiveCfg = Debug|Any CPU
		{F645B92D-5A74-4E89-9A13-E8D7D3306F77}.Debug|Any CPU.Build.0 = Debug|Any CPU
		{F645B92D-5A74-4E89-9A13-E8D7D3306F77}.Release|Any CPU.ActiveCfg = Release|Any CPU
		{F645B92D-5A74-4E89-9A13-E8D7D3306F77}.Release|Any CPU.Build.0 = Release|Any CPU
		{9C45C03B-594A-4085-BC2D-74060D9AC336}.Debug|Any CPU.ActiveCfg = Debug|Any CPU
		{9C45C03B-594A-4085-BC2D-74060D9AC336}.Debug|Any CPU.Build.0 = Debug|Any CPU
		{9C45C03B-594A-4085-BC2D-74060D9AC336}.Release|Any CPU.ActiveCfg = Release|Any CPU
		{9C45C03B-594A-4085-BC2D-74060D9AC336}.Release|Any CPU.Build.0 = Release|Any CPU
	EndGlobalSection
	GlobalSection(SolutionProperties) = preSolution
		HideSolutionNode = FALSE
	EndGlobalSection
	GlobalSection(ExtensibilityGlobals) = postSolution
		SolutionGuid = {35ECE0EE-7102-4D77-B80E-3F420A87CC49}
	EndGlobalSection
EndGlobal
