
Microsoft Visual Studio Solution File, Format Version 12.00
# Visual Studio Version 17
VisualStudioVersion = 17.6.33723.286
MinimumVisualStudioVersion = 10.0.40219.1
Project("{9A19103F-16F7-4668-BE54-9A1E7A4F7556}") = "Utils", "Utils\Utils.csproj", "{5884D33A-BE19-4AB8-B78D-9725C863E4AB}"
EndProject
Project("{9A19103F-16F7-4668-BE54-9A1E7A4F7556}") = "Day 1", "Day 1\Day 1.csproj", "{AA5D4E23-5199-4732-8ADD-88F8152276E8}"
EndProject
Project("{FAE04EC0-301F-11D3-BF4B-00C04F79EFBC}") = "Day 2", "Day 2\Day 2.csproj", "{3670B0F0-BD98-4DE2-8F8A-E03EB12E1819}"
EndProject
Global
	GlobalSection(SolutionConfigurationPlatforms) = preSolution
		Debug|Any CPU = Debug|Any CPU
		Release|Any CPU = Release|Any CPU
	EndGlobalSection
	GlobalSection(ProjectConfigurationPlatforms) = postSolution
		{5884D33A-BE19-4AB8-B78D-9725C863E4AB}.Debug|Any CPU.ActiveCfg = Debug|Any CPU
		{5884D33A-BE19-4AB8-B78D-9725C863E4AB}.Debug|Any CPU.Build.0 = Debug|Any CPU
		{5884D33A-BE19-4AB8-B78D-9725C863E4AB}.Release|Any CPU.ActiveCfg = Release|Any CPU
		{5884D33A-BE19-4AB8-B78D-9725C863E4AB}.Release|Any CPU.Build.0 = Release|Any CPU
		{AA5D4E23-5199-4732-8ADD-88F8152276E8}.Debug|Any CPU.ActiveCfg = Debug|Any CPU
		{AA5D4E23-5199-4732-8ADD-88F8152276E8}.Debug|Any CPU.Build.0 = Debug|Any CPU
		{AA5D4E23-5199-4732-8ADD-88F8152276E8}.Release|Any CPU.ActiveCfg = Release|Any CPU
		{AA5D4E23-5199-4732-8ADD-88F8152276E8}.Release|Any CPU.Build.0 = Release|Any CPU
		{3670B0F0-BD98-4DE2-8F8A-E03EB12E1819}.Debug|Any CPU.ActiveCfg = Debug|Any CPU
		{3670B0F0-BD98-4DE2-8F8A-E03EB12E1819}.Debug|Any CPU.Build.0 = Debug|Any CPU
		{3670B0F0-BD98-4DE2-8F8A-E03EB12E1819}.Release|Any CPU.ActiveCfg = Release|Any CPU
		{3670B0F0-BD98-4DE2-8F8A-E03EB12E1819}.Release|Any CPU.Build.0 = Release|Any CPU
	EndGlobalSection
	GlobalSection(SolutionProperties) = preSolution
		HideSolutionNode = FALSE
	EndGlobalSection
	GlobalSection(ExtensibilityGlobals) = postSolution
		SolutionGuid = {35ECE0EE-7102-4D77-B80E-3F420A87CC49}
	EndGlobalSection
EndGlobal
