
Microsoft Visual Studio Solution File, Format Version 12.00
# Visual Studio Version 17
VisualStudioVersion = 17.6.33723.286
MinimumVisualStudioVersion = 10.0.40219.1
Project("{9A19103F-16F7-4668-BE54-9A1E7A4F7556}") = "Utils", "Utils\Utils.csproj", "{5884D33A-BE19-4AB8-B78D-9725C863E4AB}"
EndProject
Project("{9A19103F-16F7-4668-BE54-9A1E7A4F7556}") = "Day 1", "Day 1\Day 1.csproj", "{AA5D4E23-5199-4732-8ADD-88F8152276E8}"
EndProject
Project("{9A19103F-16F7-4668-BE54-9A1E7A4F7556}") = "Day 2", "Day 2\Day 2.csproj", "{3670B0F0-BD98-4DE2-8F8A-E03EB12E1819}"
EndProject
Project("{9A19103F-16F7-4668-BE54-9A1E7A4F7556}") = "Day 3", "Day 3\Day 3.csproj", "{0BDEE679-053B-4054-A817-12E4EDB428BF}"
EndProject
Project("{9A19103F-16F7-4668-BE54-9A1E7A4F7556}") = "Day 4", "Day 4\Day 4.csproj", "{55FD80BD-9D0F-4033-B953-A739A9DAC701}"
EndProject
Project("{9A19103F-16F7-4668-BE54-9A1E7A4F7556}") = "Day 5", "Day 5\Day 5.csproj", "{0A497AED-FCD8-48C1-9F37-6C2BAC4117E0}"
EndProject
Project("{9A19103F-16F7-4668-BE54-9A1E7A4F7556}") = "Day 6", "Day 6\Day 6.csproj", "{DD061785-4D5A-433C-970A-C502AD351DAE}"
EndProject
Project("{9A19103F-16F7-4668-BE54-9A1E7A4F7556}") = "Day 7", "Day 7\Day 7.csproj", "{F645B92D-5A74-4E89-9A13-E8D7D3306F77}"
EndProject
Project("{9A19103F-16F7-4668-BE54-9A1E7A4F7556}") = "Day 8", "Day 8\Day 8.csproj", "{9C45C03B-594A-4085-BC2D-74060D9AC336}"
EndProject
Project("{9A19103F-16F7-4668-BE54-9A1E7A4F7556}") = "Day 9", "Day 9\Day 9.csproj", "{BACCBF2B-B6BC-4F44-82CC-52C5507987E9}"
EndProject
Project("{FAE04EC0-301F-11D3-BF4B-00C04F79EFBC}") = "Day 10", "Day 10\Day 10.csproj", "{6A6564AE-84C4-450B-8AF7-A5711218E5CC}"
EndProject
Project("{FAE04EC0-301F-11D3-BF4B-00C04F79EFBC}") = "Day 11", "Day 11\Day 11.csproj", "{FCF227A5-2316-4A36-B3B8-1A6CC2C2F5F8}"
EndProject
Project("{FAE04EC0-301F-11D3-BF4B-00C04F79EFBC}") = "Day 12", "Day 12\Day 12.csproj", "{DDE9E65B-7AA0-442D-8075-E826FD26B252}"
EndProject
Project("{FAE04EC0-301F-11D3-BF4B-00C04F79EFBC}") = "Day 13", "Day 13\Day 13.csproj", "{701C728B-D610-4F2F-8BE2-8D24624248F2}"
EndProject
Project("{FAE04EC0-301F-11D3-BF4B-00C04F79EFBC}") = "Day 14", "Day 14\Day 14.csproj", "{00E6C122-CF0C-4500-821C-14902D932B22}"
EndProject
Project("{FAE04EC0-301F-11D3-BF4B-00C04F79EFBC}") = "Day 15", "Day 15\Day 15.csproj", "{E92AB308-214C-405D-B6B5-6E97E3FF3AA5}"
EndProject
Project("{FAE04EC0-301F-11D3-BF4B-00C04F79EFBC}") = "Day 16", "Day 16\Day 16.csproj", "{FD701A35-DF12-4360-946E-7E702BBB2755}"
EndProject
Project("{FAE04EC0-301F-11D3-BF4B-00C04F79EFBC}") = "Day 17", "Day 17\Day 17.csproj", "{47EDE670-3E8A-4959-9F96-C8AA1CFA7F8C}"
EndProject
Project("{FAE04EC0-301F-11D3-BF4B-00C04F79EFBC}") = "Day 18", "Day 18\Day 18.csproj", "{60A7AC08-BA90-48E5-AE8A-4AFE962EAD48}"
EndProject
Project("{FAE04EC0-301F-11D3-BF4B-00C04F79EFBC}") = "Day 19", "Day 19\Day 19.csproj", "{44D37AC6-23C3-4FA8-8C25-F73409E5F25E}"
EndProject
Project("{FAE04EC0-301F-11D3-BF4B-00C04F79EFBC}") = "Day 20", "Day 20\Day 20.csproj", "{1478CBFA-11F6-447A-A453-F0B89E79C5EE}"
EndProject
Project("{FAE04EC0-301F-11D3-BF4B-00C04F79EFBC}") = "Day 21", "Day 21\Day 21.csproj", "{B2AF0372-512F-41A7-864E-007D5EEA0526}"
EndProject
Project("{FAE04EC0-301F-11D3-BF4B-00C04F79EFBC}") = "Day 22", "Day 22\Day 22.csproj", "{E394D47C-3FEF-44A3-A9FA-415C25DCB0A6}"
EndProject
Project("{FAE04EC0-301F-11D3-BF4B-00C04F79EFBC}") = "Day 23", "Day 23\Day 23.csproj", "{C604BD83-690A-47D3-99AA-512110B42AA4}"
EndProject
Project("{FAE04EC0-301F-11D3-BF4B-00C04F79EFBC}") = "Day 24", "Day 24\Day 24.csproj", "{2635E287-12B3-446A-8CA7-E2F9E9C87C94}"
EndProject
Project("{FAE04EC0-301F-11D3-BF4B-00C04F79EFBC}") = "Day 25", "Day 25\Day 25.csproj", "{6CE9B4C7-C03B-43AB-82F8-157BD39152CA}"
EndProject
Global
	GlobalSection(SolutionConfigurationPlatforms) = preSolution
		Debug|Any CPU = Debug|Any CPU
		Release|Any CPU = Release|Any CPU
	EndGlobalSection
	GlobalSection(ProjectConfigurationPlatforms) = postSolution
		{5884D33A-BE19-4AB8-B78D-9725C863E4AB}.Debug|Any CPU.ActiveCfg = Debug|Any CPU
		{5884D33A-BE19-4AB8-B78D-9725C863E4AB}.Debug|Any CPU.Build.0 = Debug|Any CPU
		{5884D33A-BE19-4AB8-B78D-9725C863E4AB}.Release|Any CPU.ActiveCfg = Release|Any CPU
		{5884D33A-BE19-4AB8-B78D-9725C863E4AB}.Release|Any CPU.Build.0 = Release|Any CPU
		{AA5D4E23-5199-4732-8ADD-88F8152276E8}.Debug|Any CPU.ActiveCfg = Debug|Any CPU
		{AA5D4E23-5199-4732-8ADD-88F8152276E8}.Debug|Any CPU.Build.0 = Debug|Any CPU
		{AA5D4E23-5199-4732-8ADD-88F8152276E8}.Release|Any CPU.ActiveCfg = Release|Any CPU
		{AA5D4E23-5199-4732-8ADD-88F8152276E8}.Release|Any CPU.Build.0 = Release|Any CPU
		{3670B0F0-BD98-4DE2-8F8A-E03EB12E1819}.Debug|Any CPU.ActiveCfg = Debug|Any CPU
		{3670B0F0-BD98-4DE2-8F8A-E03EB12E1819}.Debug|Any CPU.Build.0 = Debug|Any CPU
		{3670B0F0-BD98-4DE2-8F8A-E03EB12E1819}.Release|Any CPU.ActiveCfg = Release|Any CPU
		{3670B0F0-BD98-4DE2-8F8A-E03EB12E1819}.Release|Any CPU.Build.0 = Release|Any CPU
		{0BDEE679-053B-4054-A817-12E4EDB428BF}.Debug|Any CPU.ActiveCfg = Debug|Any CPU
		{0BDEE679-053B-4054-A817-12E4EDB428BF}.Debug|Any CPU.Build.0 = Debug|Any CPU
		{0BDEE679-053B-4054-A817-12E4EDB428BF}.Release|Any CPU.ActiveCfg = Release|Any CPU
		{0BDEE679-053B-4054-A817-12E4EDB428BF}.Release|Any CPU.Build.0 = Release|Any CPU
		{55FD80BD-9D0F-4033-B953-A739A9DAC701}.Debug|Any CPU.ActiveCfg = Debug|Any CPU
		{55FD80BD-9D0F-4033-B953-A739A9DAC701}.Debug|Any CPU.Build.0 = Debug|Any CPU
		{55FD80BD-9D0F-4033-B953-A739A9DAC701}.Release|Any CPU.ActiveCfg = Release|Any CPU
		{55FD80BD-9D0F-4033-B953-A739A9DAC701}.Release|Any CPU.Build.0 = Release|Any CPU
		{0A497AED-FCD8-48C1-9F37-6C2BAC4117E0}.Debug|Any CPU.ActiveCfg = Debug|Any CPU
		{0A497AED-FCD8-48C1-9F37-6C2BAC4117E0}.Debug|Any CPU.Build.0 = Debug|Any CPU
		{0A497AED-FCD8-48C1-9F37-6C2BAC4117E0}.Release|Any CPU.ActiveCfg = Release|Any CPU
		{0A497AED-FCD8-48C1-9F37-6C2BAC4117E0}.Release|Any CPU.Build.0 = Release|Any CPU
		{DD061785-4D5A-433C-970A-C502AD351DAE}.Debug|Any CPU.ActiveCfg = Debug|Any CPU
		{DD061785-4D5A-433C-970A-C502AD351DAE}.Debug|Any CPU.Build.0 = Debug|Any CPU
		{DD061785-4D5A-433C-970A-C502AD351DAE}.Release|Any CPU.ActiveCfg = Release|Any CPU
		{DD061785-4D5A-433C-970A-C502AD351DAE}.Release|Any CPU.Build.0 = Release|Any CPU
		{F645B92D-5A74-4E89-9A13-E8D7D3306F77}.Debug|Any CPU.ActiveCfg = Debug|Any CPU
		{F645B92D-5A74-4E89-9A13-E8D7D3306F77}.Debug|Any CPU.Build.0 = Debug|Any CPU
		{F645B92D-5A74-4E89-9A13-E8D7D3306F77}.Release|Any CPU.ActiveCfg = Release|Any CPU
		{F645B92D-5A74-4E89-9A13-E8D7D3306F77}.Release|Any CPU.Build.0 = Release|Any CPU
		{9C45C03B-594A-4085-BC2D-74060D9AC336}.Debug|Any CPU.ActiveCfg = Debug|Any CPU
		{9C45C03B-594A-4085-BC2D-74060D9AC336}.Debug|Any CPU.Build.0 = Debug|Any CPU
		{9C45C03B-594A-4085-BC2D-74060D9AC336}.Release|Any CPU.ActiveCfg = Release|Any CPU
		{9C45C03B-594A-4085-BC2D-74060D9AC336}.Release|Any CPU.Build.0 = Release|Any CPU
		{BACCBF2B-B6BC-4F44-82CC-52C5507987E9}.Debug|Any CPU.ActiveCfg = Debug|Any CPU
		{BACCBF2B-B6BC-4F44-82CC-52C5507987E9}.Debug|Any CPU.Build.0 = Debug|Any CPU
		{BACCBF2B-B6BC-4F44-82CC-52C5507987E9}.Release|Any CPU.ActiveCfg = Release|Any CPU
		{BACCBF2B-B6BC-4F44-82CC-52C5507987E9}.Release|Any CPU.Build.0 = Release|Any CPU
		{6A6564AE-84C4-450B-8AF7-A5711218E5CC}.Debug|Any CPU.ActiveCfg = Debug|Any CPU
		{6A6564AE-84C4-450B-8AF7-A5711218E5CC}.Debug|Any CPU.Build.0 = Debug|Any CPU
		{6A6564AE-84C4-450B-8AF7-A5711218E5CC}.Release|Any CPU.ActiveCfg = Release|Any CPU
		{6A6564AE-84C4-450B-8AF7-A5711218E5CC}.Release|Any CPU.Build.0 = Release|Any CPU
		{FCF227A5-2316-4A36-B3B8-1A6CC2C2F5F8}.Debug|Any CPU.ActiveCfg = Debug|Any CPU
		{FCF227A5-2316-4A36-B3B8-1A6CC2C2F5F8}.Debug|Any CPU.Build.0 = Debug|Any CPU
		{FCF227A5-2316-4A36-B3B8-1A6CC2C2F5F8}.Release|Any CPU.ActiveCfg = Release|Any CPU
		{FCF227A5-2316-4A36-B3B8-1A6CC2C2F5F8}.Release|Any CPU.Build.0 = Release|Any CPU
		{DDE9E65B-7AA0-442D-8075-E826FD26B252}.Debug|Any CPU.ActiveCfg = Debug|Any CPU
		{DDE9E65B-7AA0-442D-8075-E826FD26B252}.Debug|Any CPU.Build.0 = Debug|Any CPU
		{DDE9E65B-7AA0-442D-8075-E826FD26B252}.Release|Any CPU.ActiveCfg = Release|Any CPU
		{DDE9E65B-7AA0-442D-8075-E826FD26B252}.Release|Any CPU.Build.0 = Release|Any CPU
		{701C728B-D610-4F2F-8BE2-8D24624248F2}.Debug|Any CPU.ActiveCfg = Debug|Any CPU
		{701C728B-D610-4F2F-8BE2-8D24624248F2}.Debug|Any CPU.Build.0 = Debug|Any CPU
		{701C728B-D610-4F2F-8BE2-8D24624248F2}.Release|Any CPU.ActiveCfg = Release|Any CPU
		{701C728B-D610-4F2F-8BE2-8D24624248F2}.Release|Any CPU.Build.0 = Release|Any CPU
		{00E6C122-CF0C-4500-821C-14902D932B22}.Debug|Any CPU.ActiveCfg = Debug|Any CPU
		{00E6C122-CF0C-4500-821C-14902D932B22}.Debug|Any CPU.Build.0 = Debug|Any CPU
		{00E6C122-CF0C-4500-821C-14902D932B22}.Release|Any CPU.ActiveCfg = Release|Any CPU
		{00E6C122-CF0C-4500-821C-14902D932B22}.Release|Any CPU.Build.0 = Release|Any CPU
		{E92AB308-214C-405D-B6B5-6E97E3FF3AA5}.Debug|Any CPU.ActiveCfg = Debug|Any CPU
		{E92AB308-214C-405D-B6B5-6E97E3FF3AA5}.Debug|Any CPU.Build.0 = Debug|Any CPU
		{E92AB308-214C-405D-B6B5-6E97E3FF3AA5}.Release|Any CPU.ActiveCfg = Release|Any CPU
		{E92AB308-214C-405D-B6B5-6E97E3FF3AA5}.Release|Any CPU.Build.0 = Release|Any CPU
		{FD701A35-DF12-4360-946E-7E702BBB2755}.Debug|Any CPU.ActiveCfg = Debug|Any CPU
		{FD701A35-DF12-4360-946E-7E702BBB2755}.Debug|Any CPU.Build.0 = Debug|Any CPU
		{FD701A35-DF12-4360-946E-7E702BBB2755}.Release|Any CPU.ActiveCfg = Release|Any CPU
		{FD701A35-DF12-4360-946E-7E702BBB2755}.Release|Any CPU.Build.0 = Release|Any CPU
		{47EDE670-3E8A-4959-9F96-C8AA1CFA7F8C}.Debug|Any CPU.ActiveCfg = Debug|Any CPU
		{47EDE670-3E8A-4959-9F96-C8AA1CFA7F8C}.Debug|Any CPU.Build.0 = Debug|Any CPU
		{47EDE670-3E8A-4959-9F96-C8AA1CFA7F8C}.Release|Any CPU.ActiveCfg = Release|Any CPU
		{47EDE670-3E8A-4959-9F96-C8AA1CFA7F8C}.Release|Any CPU.Build.0 = Release|Any CPU
		{60A7AC08-BA90-48E5-AE8A-4AFE962EAD48}.Debug|Any CPU.ActiveCfg = Debug|Any CPU
		{60A7AC08-BA90-48E5-AE8A-4AFE962EAD48}.Debug|Any CPU.Build.0 = Debug|Any CPU
		{60A7AC08-BA90-48E5-AE8A-4AFE962EAD48}.Release|Any CPU.ActiveCfg = Release|Any CPU
		{60A7AC08-BA90-48E5-AE8A-4AFE962EAD48}.Release|Any CPU.Build.0 = Release|Any CPU
		{44D37AC6-23C3-4FA8-8C25-F73409E5F25E}.Debug|Any CPU.ActiveCfg = Debug|Any CPU
		{44D37AC6-23C3-4FA8-8C25-F73409E5F25E}.Debug|Any CPU.Build.0 = Debug|Any CPU
		{44D37AC6-23C3-4FA8-8C25-F73409E5F25E}.Release|Any CPU.ActiveCfg = Release|Any CPU
		{44D37AC6-23C3-4FA8-8C25-F73409E5F25E}.Release|Any CPU.Build.0 = Release|Any CPU
		{1478CBFA-11F6-447A-A453-F0B89E79C5EE}.Debug|Any CPU.ActiveCfg = Debug|Any CPU
		{1478CBFA-11F6-447A-A453-F0B89E79C5EE}.Debug|Any CPU.Build.0 = Debug|Any CPU
		{1478CBFA-11F6-447A-A453-F0B89E79C5EE}.Release|Any CPU.ActiveCfg = Release|Any CPU
		{1478CBFA-11F6-447A-A453-F0B89E79C5EE}.Release|Any CPU.Build.0 = Release|Any CPU
		{B2AF0372-512F-41A7-864E-007D5EEA0526}.Debug|Any CPU.ActiveCfg = Debug|Any CPU
		{B2AF0372-512F-41A7-864E-007D5EEA0526}.Debug|Any CPU.Build.0 = Debug|Any CPU
		{B2AF0372-512F-41A7-864E-007D5EEA0526}.Release|Any CPU.ActiveCfg = Release|Any CPU
		{B2AF0372-512F-41A7-864E-007D5EEA0526}.Release|Any CPU.Build.0 = Release|Any CPU
		{E394D47C-3FEF-44A3-A9FA-415C25DCB0A6}.Debug|Any CPU.ActiveCfg = Debug|Any CPU
		{E394D47C-3FEF-44A3-A9FA-415C25DCB0A6}.Debug|Any CPU.Build.0 = Debug|Any CPU
		{E394D47C-3FEF-44A3-A9FA-415C25DCB0A6}.Release|Any CPU.ActiveCfg = Release|Any CPU
		{E394D47C-3FEF-44A3-A9FA-415C25DCB0A6}.Release|Any CPU.Build.0 = Release|Any CPU
		{C604BD83-690A-47D3-99AA-512110B42AA4}.Debug|Any CPU.ActiveCfg = Debug|Any CPU
		{C604BD83-690A-47D3-99AA-512110B42AA4}.Debug|Any CPU.Build.0 = Debug|Any CPU
		{C604BD83-690A-47D3-99AA-512110B42AA4}.Release|Any CPU.ActiveCfg = Release|Any CPU
		{C604BD83-690A-47D3-99AA-512110B42AA4}.Release|Any CPU.Build.0 = Release|Any CPU
		{2635E287-12B3-446A-8CA7-E2F9E9C87C94}.Debug|Any CPU.ActiveCfg = Debug|Any CPU
		{2635E287-12B3-446A-8CA7-E2F9E9C87C94}.Debug|Any CPU.Build.0 = Debug|Any CPU
		{2635E287-12B3-446A-8CA7-E2F9E9C87C94}.Release|Any CPU.ActiveCfg = Release|Any CPU
		{2635E287-12B3-446A-8CA7-E2F9E9C87C94}.Release|Any CPU.Build.0 = Release|Any CPU
		{6CE9B4C7-C03B-43AB-82F8-157BD39152CA}.Debug|Any CPU.ActiveCfg = Debug|Any CPU
		{6CE9B4C7-C03B-43AB-82F8-157BD39152CA}.Debug|Any CPU.Build.0 = Debug|Any CPU
		{6CE9B4C7-C03B-43AB-82F8-157BD39152CA}.Release|Any CPU.ActiveCfg = Release|Any CPU
		{6CE9B4C7-C03B-43AB-82F8-157BD39152CA}.Release|Any CPU.Build.0 = Release|Any CPU
	EndGlobalSection
	GlobalSection(SolutionProperties) = preSolution
		HideSolutionNode = FALSE
	EndGlobalSection
	GlobalSection(ExtensibilityGlobals) = postSolution
		SolutionGuid = {35ECE0EE-7102-4D77-B80E-3F420A87CC49}
	EndGlobalSection
EndGlobal
